
Microsoft Visual Studio Solution File, Format Version 12.00
# Visual Studio Version 17
VisualStudioVersion = 17.11.35312.102
MinimumVisualStudioVersion = 10.0.40219.1
Project("{FAE04EC0-301F-11D3-BF4B-00C04F79EFBC}") = "MauiApp1", "MauiApp1\MauiApp1.csproj", "{672C55DB-D95E-425B-9A2B-313CC0B54FBE}"
EndProject
Global
	GlobalSection(SolutionConfigurationPlatforms) = preSolution
		Debug|Any CPU = Debug|Any CPU
		Release|Any CPU = Release|Any CPU
	EndGlobalSection
	GlobalSection(ProjectConfigurationPlatforms) = postSolution
		{672C55DB-D95E-425B-9A2B-313CC0B54FBE}.Debug|Any CPU.ActiveCfg = Debug|Any CPU
		{672C55DB-D95E-425B-9A2B-313CC0B54FBE}.Debug|Any CPU.Build.0 = Debug|Any CPU
		{672C55DB-D95E-425B-9A2B-313CC0B54FBE}.Debug|Any CPU.Deploy.0 = Debug|Any CPU
		{672C55DB-D95E-425B-9A2B-313CC0B54FBE}.Release|Any CPU.ActiveCfg = Release|Any CPU
		{672C55DB-D95E-425B-9A2B-313CC0B54FBE}.Release|Any CPU.Build.0 = Release|Any CPU
		{672C55DB-D95E-425B-9A2B-313CC0B54FBE}.Release|Any CPU.Deploy.0 = Release|Any CPU
	EndGlobalSection
	GlobalSection(SolutionProperties) = preSolution
		HideSolutionNode = FALSE
	EndGlobalSection
	GlobalSection(ExtensibilityGlobals) = postSolution
		SolutionGuid = {91254EAD-0CC8-4901-AE7F-044DFF0C4AA6}
	EndGlobalSection
EndGlobal
